// !$*UTF8*$!
{
	archiveVersion = 1;
	classes = {
	};
	objectVersion = 50;
	objects = {

/* Begin PBXBuildFile section */
		6C27C0522371FFB000EA73F9 /* FunctionalTableData.framework in Frameworks */ = {isa = PBXBuildFile; fileRef = 6C27C0482371FFB000EA73F9 /* FunctionalTableData.framework */; };
		6C27C0592371FFB000EA73F9 /* FunctionalTableData.h in Headers */ = {isa = PBXBuildFile; fileRef = 6C27C04B2371FFB000EA73F9 /* FunctionalTableData.h */; settings = {ATTRIBUTES = (Public, ); }; };
		6C27C0842372007B00EA73F9 /* ObjCExceptionRethrower.swift in Sources */ = {isa = PBXBuildFile; fileRef = 6C27C0622372007A00EA73F9 /* ObjCExceptionRethrower.swift */; };
		6C27C0852372007B00EA73F9 /* CollectionCell.swift in Sources */ = {isa = PBXBuildFile; fileRef = 6C27C0642372007A00EA73F9 /* CollectionCell.swift */; };
		6C27C0862372007B00EA73F9 /* UICollectionView+Reusable.swift in Sources */ = {isa = PBXBuildFile; fileRef = 6C27C0652372007A00EA73F9 /* UICollectionView+Reusable.swift */; };
		6C27C0872372007B00EA73F9 /* FunctionalCollectionData.swift in Sources */ = {isa = PBXBuildFile; fileRef = 6C27C0662372007A00EA73F9 /* FunctionalCollectionData.swift */; };
		6C27C0882372007B00EA73F9 /* FunctionalCollectionData+UICollectionViewDataSource.swift in Sources */ = {isa = PBXBuildFile; fileRef = 6C27C0672372007A00EA73F9 /* FunctionalCollectionData+UICollectionViewDataSource.swift */; };
		6C27C0892372007B00EA73F9 /* CollectionItemConfigType.swift in Sources */ = {isa = PBXBuildFile; fileRef = 6C27C0682372007A00EA73F9 /* CollectionItemConfigType.swift */; };
		6C27C08A2372007B00EA73F9 /* FunctionalCollectionData+UICollectionViewDelegate.swift in Sources */ = {isa = PBXBuildFile; fileRef = 6C27C0692372007A00EA73F9 /* FunctionalCollectionData+UICollectionViewDelegate.swift */; };
		6C27C08B2372007B00EA73F9 /* UIView+Extensions.swift in Sources */ = {isa = PBXBuildFile; fileRef = 6C27C06B2372007A00EA73F9 /* UIView+Extensions.swift */; };
		6C27C08C2372007B00EA73F9 /* UIView+AutoLayout.swift in Sources */ = {isa = PBXBuildFile; fileRef = 6C27C06C2372007A00EA73F9 /* UIView+AutoLayout.swift */; };
		6C27C08D2372007B00EA73F9 /* Array+TableSection.swift in Sources */ = {isa = PBXBuildFile; fileRef = 6C27C06D2372007A00EA73F9 /* Array+TableSection.swift */; };
		6C27C08E2372007B00EA73F9 /* BackgroundViewProvider.swift in Sources */ = {isa = PBXBuildFile; fileRef = 6C27C06E2372007A00EA73F9 /* BackgroundViewProvider.swift */; };
		6C27C08F2372007B00EA73F9 /* HostCell.swift in Sources */ = {isa = PBXBuildFile; fileRef = 6C27C06F2372007A00EA73F9 /* HostCell.swift */; };
		6C27C0902372007B00EA73F9 /* CellActions.swift in Sources */ = {isa = PBXBuildFile; fileRef = 6C27C0702372007A00EA73F9 /* CellActions.swift */; };
		6C27C0912372007B00EA73F9 /* CellConfigType.swift in Sources */ = {isa = PBXBuildFile; fileRef = 6C27C0712372007A00EA73F9 /* CellConfigType.swift */; };
		6C27C0922372007B00EA73F9 /* ScrollViewDelegate.swift in Sources */ = {isa = PBXBuildFile; fileRef = 6C27C0722372007B00EA73F9 /* ScrollViewDelegate.swift */; };
		6C27C0932372007B00EA73F9 /* TableSection.swift in Sources */ = {isa = PBXBuildFile; fileRef = 6C27C0732372007B00EA73F9 /* TableSection.swift */; };
		6C27C0942372007B00EA73F9 /* TableSectionChangeSet.swift in Sources */ = {isa = PBXBuildFile; fileRef = 6C27C0742372007B00EA73F9 /* TableSectionChangeSet.swift */; };
		6C27C0952372007B00EA73F9 /* TableItemLayout.swift in Sources */ = {isa = PBXBuildFile; fileRef = 6C27C0752372007B00EA73F9 /* TableItemLayout.swift */; };
		6C27C0962372007B00EA73F9 /* ItemPath.swift in Sources */ = {isa = PBXBuildFile; fileRef = 6C27C0762372007B00EA73F9 /* ItemPath.swift */; };
		6C27C0972372007B00EA73F9 /* FunctionalTableData.swift in Sources */ = {isa = PBXBuildFile; fileRef = 6C27C0782372007B00EA73F9 /* FunctionalTableData.swift */; };
		6C27C0982372007B00EA73F9 /* FunctionalTableData+UITableViewDelegate.swift in Sources */ = {isa = PBXBuildFile; fileRef = 6C27C0792372007B00EA73F9 /* FunctionalTableData+UITableViewDelegate.swift */; };
		6C27C0992372007B00EA73F9 /* TableCell.swift in Sources */ = {isa = PBXBuildFile; fileRef = 6C27C07A2372007B00EA73F9 /* TableCell.swift */; };
		6C27C09A2372007B00EA73F9 /* FunctionalTableData+Cells.swift in Sources */ = {isa = PBXBuildFile; fileRef = 6C27C07B2372007B00EA73F9 /* FunctionalTableData+Cells.swift */; };
		6C27C09B2372007B00EA73F9 /* FunctionalTableData+UITableViewDataSource.swift in Sources */ = {isa = PBXBuildFile; fileRef = 6C27C07C2372007B00EA73F9 /* FunctionalTableData+UITableViewDataSource.swift */; };
		6C27C09C2372007B00EA73F9 /* TableItemConfigType.swift in Sources */ = {isa = PBXBuildFile; fileRef = 6C27C07D2372007B00EA73F9 /* TableItemConfigType.swift */; };
		6C27C09D2372007B00EA73F9 /* UITableView+Reusable.swift in Sources */ = {isa = PBXBuildFile; fileRef = 6C27C07E2372007B00EA73F9 /* UITableView+Reusable.swift */; };
		6C27C09E2372007B00EA73F9 /* TableData.swift in Sources */ = {isa = PBXBuildFile; fileRef = 6C27C07F2372007B00EA73F9 /* TableData.swift */; };
		6C27C09F2372007B00EA73F9 /* Reusable.swift in Sources */ = {isa = PBXBuildFile; fileRef = 6C27C0802372007B00EA73F9 /* Reusable.swift */; };
		6C27C0A02372007B00EA73F9 /* TableSectionHeaderFooter.swift in Sources */ = {isa = PBXBuildFile; fileRef = 6C27C0812372007B00EA73F9 /* TableSectionHeaderFooter.swift */; };
		6C27C0A12372007B00EA73F9 /* Separator.swift in Sources */ = {isa = PBXBuildFile; fileRef = 6C27C0822372007B00EA73F9 /* Separator.swift */; };
		6C27C0A22372007B00EA73F9 /* CellStyle.swift in Sources */ = {isa = PBXBuildFile; fileRef = 6C27C0832372007B00EA73F9 /* CellStyle.swift */; };
		6C27C0B7237200DC00EA73F9 /* XCTest.framework in Frameworks */ = {isa = PBXBuildFile; fileRef = 6C27C0B6237200DC00EA73F9 /* XCTest.framework */; };
		6C27C0B82372014100EA73F9 /* CellStyleTests.swift in Sources */ = {isa = PBXBuildFile; fileRef = 6C27C0A72372008900EA73F9 /* CellStyleTests.swift */; };
		6C27C0B92372014100EA73F9 /* FunctionalDataTests.swift in Sources */ = {isa = PBXBuildFile; fileRef = 6C27C0A42372008900EA73F9 /* FunctionalDataTests.swift */; };
		6C27C0BA2372014100EA73F9 /* FunctionalTableDataDelegateTests.swift in Sources */ = {isa = PBXBuildFile; fileRef = 6C27C0A82372008900EA73F9 /* FunctionalTableDataDelegateTests.swift */; };
		6C27C0BB2372014100EA73F9 /* FunctionaltableDataPerformanceTests.swift in Sources */ = {isa = PBXBuildFile; fileRef = 6C27C0A62372008900EA73F9 /* FunctionaltableDataPerformanceTests.swift */; };
		6C27C0BC2372014100EA73F9 /* TableCellReuseTests.swift in Sources */ = {isa = PBXBuildFile; fileRef = 6C27C0A32372008900EA73F9 /* TableCellReuseTests.swift */; };
		6C27C0BD2372014100EA73F9 /* TableSectionChangeSetTests.swift in Sources */ = {isa = PBXBuildFile; fileRef = 6C27C0A52372008900EA73F9 /* TableSectionChangeSetTests.swift */; };
		6C27C0BE2372014100EA73F9 /* TableSectionStyleTests.swift in Sources */ = {isa = PBXBuildFile; fileRef = 6C27C0A92372008900EA73F9 /* TableSectionStyleTests.swift */; };
		6C27C0BF2372014100EA73F9 /* TableSectionsValidationTests.swift in Sources */ = {isa = PBXBuildFile; fileRef = 6C27C0AA2372008900EA73F9 /* TableSectionsValidationTests.swift */; };
		6C27C0C02372014100EA73F9 /* TableSectionTests.swift in Sources */ = {isa = PBXBuildFile; fileRef = 6C27C0AB2372008900EA73F9 /* TableSectionTests.swift */; };
		6CB4D378246B904B00BFD647 /* AccessibilityTests.swift in Sources */ = {isa = PBXBuildFile; fileRef = 6CB4D377246B904B00BFD647 /* AccessibilityTests.swift */; };
		6CEFBC462458902400E6AF19 /* Accessibility.swift in Sources */ = {isa = PBXBuildFile; fileRef = 6CEFBC452458902400E6AF19 /* Accessibility.swift */; };
/* End PBXBuildFile section */

/* Begin PBXContainerItemProxy section */
		6C27C0532371FFB000EA73F9 /* PBXContainerItemProxy */ = {
			isa = PBXContainerItemProxy;
			containerPortal = 6C27C03F2371FFB000EA73F9 /* Project object */;
			proxyType = 1;
			remoteGlobalIDString = 6C27C0472371FFB000EA73F9;
			remoteInfo = FunctionalTableData;
		};
/* End PBXContainerItemProxy section */

/* Begin PBXFileReference section */
		6C27C0482371FFB000EA73F9 /* FunctionalTableData.framework */ = {isa = PBXFileReference; explicitFileType = wrapper.framework; includeInIndex = 0; path = FunctionalTableData.framework; sourceTree = BUILT_PRODUCTS_DIR; };
		6C27C04B2371FFB000EA73F9 /* FunctionalTableData.h */ = {isa = PBXFileReference; lastKnownFileType = sourcecode.c.h; path = FunctionalTableData.h; sourceTree = "<group>"; };
		6C27C04C2371FFB000EA73F9 /* Info.plist */ = {isa = PBXFileReference; lastKnownFileType = text.plist.xml; path = Info.plist; sourceTree = "<group>"; };
		6C27C0512371FFB000EA73F9 /* FunctionalTableDataTests.xctest */ = {isa = PBXFileReference; explicitFileType = wrapper.cfbundle; includeInIndex = 0; path = FunctionalTableDataTests.xctest; sourceTree = BUILT_PRODUCTS_DIR; };
		6C27C0582371FFB000EA73F9 /* Info.plist */ = {isa = PBXFileReference; lastKnownFileType = text.plist.xml; path = Info.plist; sourceTree = "<group>"; };
		6C27C0622372007A00EA73F9 /* ObjCExceptionRethrower.swift */ = {isa = PBXFileReference; fileEncoding = 4; lastKnownFileType = sourcecode.swift; path = ObjCExceptionRethrower.swift; sourceTree = "<group>"; };
		6C27C0642372007A00EA73F9 /* CollectionCell.swift */ = {isa = PBXFileReference; fileEncoding = 4; lastKnownFileType = sourcecode.swift; path = CollectionCell.swift; sourceTree = "<group>"; };
		6C27C0652372007A00EA73F9 /* UICollectionView+Reusable.swift */ = {isa = PBXFileReference; fileEncoding = 4; lastKnownFileType = sourcecode.swift; path = "UICollectionView+Reusable.swift"; sourceTree = "<group>"; };
		6C27C0662372007A00EA73F9 /* FunctionalCollectionData.swift */ = {isa = PBXFileReference; fileEncoding = 4; lastKnownFileType = sourcecode.swift; path = FunctionalCollectionData.swift; sourceTree = "<group>"; };
		6C27C0672372007A00EA73F9 /* FunctionalCollectionData+UICollectionViewDataSource.swift */ = {isa = PBXFileReference; fileEncoding = 4; lastKnownFileType = sourcecode.swift; path = "FunctionalCollectionData+UICollectionViewDataSource.swift"; sourceTree = "<group>"; };
		6C27C0682372007A00EA73F9 /* CollectionItemConfigType.swift */ = {isa = PBXFileReference; fileEncoding = 4; lastKnownFileType = sourcecode.swift; path = CollectionItemConfigType.swift; sourceTree = "<group>"; };
		6C27C0692372007A00EA73F9 /* FunctionalCollectionData+UICollectionViewDelegate.swift */ = {isa = PBXFileReference; fileEncoding = 4; lastKnownFileType = sourcecode.swift; path = "FunctionalCollectionData+UICollectionViewDelegate.swift"; sourceTree = "<group>"; };
		6C27C06B2372007A00EA73F9 /* UIView+Extensions.swift */ = {isa = PBXFileReference; fileEncoding = 4; lastKnownFileType = sourcecode.swift; path = "UIView+Extensions.swift"; sourceTree = "<group>"; };
		6C27C06C2372007A00EA73F9 /* UIView+AutoLayout.swift */ = {isa = PBXFileReference; fileEncoding = 4; lastKnownFileType = sourcecode.swift; path = "UIView+AutoLayout.swift"; sourceTree = "<group>"; };
		6C27C06D2372007A00EA73F9 /* Array+TableSection.swift */ = {isa = PBXFileReference; fileEncoding = 4; lastKnownFileType = sourcecode.swift; path = "Array+TableSection.swift"; sourceTree = "<group>"; };
		6C27C06E2372007A00EA73F9 /* BackgroundViewProvider.swift */ = {isa = PBXFileReference; fileEncoding = 4; lastKnownFileType = sourcecode.swift; path = BackgroundViewProvider.swift; sourceTree = "<group>"; };
		6C27C06F2372007A00EA73F9 /* HostCell.swift */ = {isa = PBXFileReference; fileEncoding = 4; lastKnownFileType = sourcecode.swift; path = HostCell.swift; sourceTree = "<group>"; };
		6C27C0702372007A00EA73F9 /* CellActions.swift */ = {isa = PBXFileReference; fileEncoding = 4; lastKnownFileType = sourcecode.swift; path = CellActions.swift; sourceTree = "<group>"; };
		6C27C0712372007A00EA73F9 /* CellConfigType.swift */ = {isa = PBXFileReference; fileEncoding = 4; lastKnownFileType = sourcecode.swift; path = CellConfigType.swift; sourceTree = "<group>"; };
		6C27C0722372007B00EA73F9 /* ScrollViewDelegate.swift */ = {isa = PBXFileReference; fileEncoding = 4; lastKnownFileType = sourcecode.swift; path = ScrollViewDelegate.swift; sourceTree = "<group>"; };
		6C27C0732372007B00EA73F9 /* TableSection.swift */ = {isa = PBXFileReference; fileEncoding = 4; lastKnownFileType = sourcecode.swift; path = TableSection.swift; sourceTree = "<group>"; };
		6C27C0742372007B00EA73F9 /* TableSectionChangeSet.swift */ = {isa = PBXFileReference; fileEncoding = 4; lastKnownFileType = sourcecode.swift; path = TableSectionChangeSet.swift; sourceTree = "<group>"; };
		6C27C0752372007B00EA73F9 /* TableItemLayout.swift */ = {isa = PBXFileReference; fileEncoding = 4; lastKnownFileType = sourcecode.swift; path = TableItemLayout.swift; sourceTree = "<group>"; };
		6C27C0762372007B00EA73F9 /* ItemPath.swift */ = {isa = PBXFileReference; fileEncoding = 4; lastKnownFileType = sourcecode.swift; path = ItemPath.swift; sourceTree = "<group>"; };
		6C27C0782372007B00EA73F9 /* FunctionalTableData.swift */ = {isa = PBXFileReference; fileEncoding = 4; lastKnownFileType = sourcecode.swift; path = FunctionalTableData.swift; sourceTree = "<group>"; };
		6C27C0792372007B00EA73F9 /* FunctionalTableData+UITableViewDelegate.swift */ = {isa = PBXFileReference; fileEncoding = 4; lastKnownFileType = sourcecode.swift; path = "FunctionalTableData+UITableViewDelegate.swift"; sourceTree = "<group>"; };
		6C27C07A2372007B00EA73F9 /* TableCell.swift */ = {isa = PBXFileReference; fileEncoding = 4; lastKnownFileType = sourcecode.swift; path = TableCell.swift; sourceTree = "<group>"; };
		6C27C07B2372007B00EA73F9 /* FunctionalTableData+Cells.swift */ = {isa = PBXFileReference; fileEncoding = 4; lastKnownFileType = sourcecode.swift; path = "FunctionalTableData+Cells.swift"; sourceTree = "<group>"; };
		6C27C07C2372007B00EA73F9 /* FunctionalTableData+UITableViewDataSource.swift */ = {isa = PBXFileReference; fileEncoding = 4; lastKnownFileType = sourcecode.swift; path = "FunctionalTableData+UITableViewDataSource.swift"; sourceTree = "<group>"; };
		6C27C07D2372007B00EA73F9 /* TableItemConfigType.swift */ = {isa = PBXFileReference; fileEncoding = 4; lastKnownFileType = sourcecode.swift; path = TableItemConfigType.swift; sourceTree = "<group>"; };
		6C27C07E2372007B00EA73F9 /* UITableView+Reusable.swift */ = {isa = PBXFileReference; fileEncoding = 4; lastKnownFileType = sourcecode.swift; path = "UITableView+Reusable.swift"; sourceTree = "<group>"; };
		6C27C07F2372007B00EA73F9 /* TableData.swift */ = {isa = PBXFileReference; fileEncoding = 4; lastKnownFileType = sourcecode.swift; path = TableData.swift; sourceTree = "<group>"; };
		6C27C0802372007B00EA73F9 /* Reusable.swift */ = {isa = PBXFileReference; fileEncoding = 4; lastKnownFileType = sourcecode.swift; path = Reusable.swift; sourceTree = "<group>"; };
		6C27C0812372007B00EA73F9 /* TableSectionHeaderFooter.swift */ = {isa = PBXFileReference; fileEncoding = 4; lastKnownFileType = sourcecode.swift; path = TableSectionHeaderFooter.swift; sourceTree = "<group>"; };
		6C27C0822372007B00EA73F9 /* Separator.swift */ = {isa = PBXFileReference; fileEncoding = 4; lastKnownFileType = sourcecode.swift; path = Separator.swift; sourceTree = "<group>"; };
		6C27C0832372007B00EA73F9 /* CellStyle.swift */ = {isa = PBXFileReference; fileEncoding = 4; lastKnownFileType = sourcecode.swift; path = CellStyle.swift; sourceTree = "<group>"; };
		6C27C0A32372008900EA73F9 /* TableCellReuseTests.swift */ = {isa = PBXFileReference; fileEncoding = 4; lastKnownFileType = sourcecode.swift; path = TableCellReuseTests.swift; sourceTree = "<group>"; };
		6C27C0A42372008900EA73F9 /* FunctionalDataTests.swift */ = {isa = PBXFileReference; fileEncoding = 4; lastKnownFileType = sourcecode.swift; path = FunctionalDataTests.swift; sourceTree = "<group>"; };
		6C27C0A52372008900EA73F9 /* TableSectionChangeSetTests.swift */ = {isa = PBXFileReference; fileEncoding = 4; lastKnownFileType = sourcecode.swift; path = TableSectionChangeSetTests.swift; sourceTree = "<group>"; };
		6C27C0A62372008900EA73F9 /* FunctionaltableDataPerformanceTests.swift */ = {isa = PBXFileReference; fileEncoding = 4; lastKnownFileType = sourcecode.swift; path = FunctionaltableDataPerformanceTests.swift; sourceTree = "<group>"; };
		6C27C0A72372008900EA73F9 /* CellStyleTests.swift */ = {isa = PBXFileReference; fileEncoding = 4; lastKnownFileType = sourcecode.swift; path = CellStyleTests.swift; sourceTree = "<group>"; };
		6C27C0A82372008900EA73F9 /* FunctionalTableDataDelegateTests.swift */ = {isa = PBXFileReference; fileEncoding = 4; lastKnownFileType = sourcecode.swift; path = FunctionalTableDataDelegateTests.swift; sourceTree = "<group>"; };
		6C27C0A92372008900EA73F9 /* TableSectionStyleTests.swift */ = {isa = PBXFileReference; fileEncoding = 4; lastKnownFileType = sourcecode.swift; path = TableSectionStyleTests.swift; sourceTree = "<group>"; };
		6C27C0AA2372008900EA73F9 /* TableSectionsValidationTests.swift */ = {isa = PBXFileReference; fileEncoding = 4; lastKnownFileType = sourcecode.swift; path = TableSectionsValidationTests.swift; sourceTree = "<group>"; };
		6C27C0AB2372008900EA73F9 /* TableSectionTests.swift */ = {isa = PBXFileReference; fileEncoding = 4; lastKnownFileType = sourcecode.swift; path = TableSectionTests.swift; sourceTree = "<group>"; };
		6C27C0B6237200DC00EA73F9 /* XCTest.framework */ = {isa = PBXFileReference; lastKnownFileType = wrapper.framework; name = XCTest.framework; path = Platforms/iPhoneOS.platform/Developer/Library/Frameworks/XCTest.framework; sourceTree = DEVELOPER_DIR; };
		6CB4D377246B904B00BFD647 /* AccessibilityTests.swift */ = {isa = PBXFileReference; lastKnownFileType = sourcecode.swift; path = AccessibilityTests.swift; sourceTree = "<group>"; };
		6CEFBC452458902400E6AF19 /* Accessibility.swift */ = {isa = PBXFileReference; lastKnownFileType = sourcecode.swift; path = Accessibility.swift; sourceTree = "<group>"; };
/* End PBXFileReference section */

/* Begin PBXFrameworksBuildPhase section */
		6C27C0452371FFB000EA73F9 /* Frameworks */ = {
			isa = PBXFrameworksBuildPhase;
			buildActionMask = 2147483647;
			files = (
			);
			runOnlyForDeploymentPostprocessing = 0;
		};
		6C27C04E2371FFB000EA73F9 /* Frameworks */ = {
			isa = PBXFrameworksBuildPhase;
			buildActionMask = 2147483647;
			files = (
				6C27C0B7237200DC00EA73F9 /* XCTest.framework in Frameworks */,
				6C27C0522371FFB000EA73F9 /* FunctionalTableData.framework in Frameworks */,
			);
			runOnlyForDeploymentPostprocessing = 0;
		};
/* End PBXFrameworksBuildPhase section */

/* Begin PBXGroup section */
		6C27C03E2371FFB000EA73F9 = {
			isa = PBXGroup;
			children = (
				6C27C04A2371FFB000EA73F9 /* FunctionalTableData */,
				6C27C0552371FFB000EA73F9 /* FunctionalTableDataTests */,
				6C27C0492371FFB000EA73F9 /* Products */,
				6C27C0B5237200DB00EA73F9 /* Frameworks */,
			);
			sourceTree = "<group>";
		};
		6C27C0492371FFB000EA73F9 /* Products */ = {
			isa = PBXGroup;
			children = (
				6C27C0482371FFB000EA73F9 /* FunctionalTableData.framework */,
				6C27C0512371FFB000EA73F9 /* FunctionalTableDataTests.xctest */,
			);
			name = Products;
			sourceTree = "<group>";
		};
		6C27C04A2371FFB000EA73F9 /* FunctionalTableData */ = {
			isa = PBXGroup;
			children = (
				6CEFBC452458902400E6AF19 /* Accessibility.swift */,
				6C27C06E2372007A00EA73F9 /* BackgroundViewProvider.swift */,
				6C27C0702372007A00EA73F9 /* CellActions.swift */,
				6C27C0712372007A00EA73F9 /* CellConfigType.swift */,
				6C27C0832372007B00EA73F9 /* CellStyle.swift */,
				6C27C0632372007A00EA73F9 /* CollectionView */,
				6C27C06A2372007A00EA73F9 /* Extensions */,
				6C27C04B2371FFB000EA73F9 /* FunctionalTableData.h */,
				6C27C06F2372007A00EA73F9 /* HostCell.swift */,
				6C27C04C2371FFB000EA73F9 /* Info.plist */,
				6C27C0762372007B00EA73F9 /* ItemPath.swift */,
				6C27C0622372007A00EA73F9 /* ObjCExceptionRethrower.swift */,
				6C27C0802372007B00EA73F9 /* Reusable.swift */,
				6C27C0722372007B00EA73F9 /* ScrollViewDelegate.swift */,
				6C27C0822372007B00EA73F9 /* Separator.swift */,
				6C27C07F2372007B00EA73F9 /* TableData.swift */,
				6C27C0752372007B00EA73F9 /* TableItemLayout.swift */,
				6C27C0732372007B00EA73F9 /* TableSection.swift */,
				6C27C0742372007B00EA73F9 /* TableSectionChangeSet.swift */,
				6C27C0812372007B00EA73F9 /* TableSectionHeaderFooter.swift */,
				6C27C0772372007B00EA73F9 /* TableView */,
			);
			name = FunctionalTableData;
			path = Sources/FunctionalTableData;
			sourceTree = "<group>";
		};
		6C27C0552371FFB000EA73F9 /* FunctionalTableDataTests */ = {
			isa = PBXGroup;
			children = (
				6CB4D377246B904B00BFD647 /* AccessibilityTests.swift */,
				6C27C0A72372008900EA73F9 /* CellStyleTests.swift */,
				6C27C0A42372008900EA73F9 /* FunctionalDataTests.swift */,
				6C27C0A82372008900EA73F9 /* FunctionalTableDataDelegateTests.swift */,
				6C27C0A62372008900EA73F9 /* FunctionaltableDataPerformanceTests.swift */,
				6C27C0A32372008900EA73F9 /* TableCellReuseTests.swift */,
				6C27C0A52372008900EA73F9 /* TableSectionChangeSetTests.swift */,
				6C27C0A92372008900EA73F9 /* TableSectionStyleTests.swift */,
				6C27C0AA2372008900EA73F9 /* TableSectionsValidationTests.swift */,
				6C27C0AB2372008900EA73F9 /* TableSectionTests.swift */,
				6C27C0582371FFB000EA73F9 /* Info.plist */,
			);
			name = FunctionalTableDataTests;
			path = Tests/FunctionalTableDataTests;
			sourceTree = "<group>";
		};
		6C27C0632372007A00EA73F9 /* CollectionView */ = {
			isa = PBXGroup;
			children = (
				6C27C0642372007A00EA73F9 /* CollectionCell.swift */,
				6C27C0652372007A00EA73F9 /* UICollectionView+Reusable.swift */,
				6C27C0662372007A00EA73F9 /* FunctionalCollectionData.swift */,
				6C27C0672372007A00EA73F9 /* FunctionalCollectionData+UICollectionViewDataSource.swift */,
				6C27C0682372007A00EA73F9 /* CollectionItemConfigType.swift */,
				6C27C0692372007A00EA73F9 /* FunctionalCollectionData+UICollectionViewDelegate.swift */,
			);
			path = CollectionView;
			sourceTree = "<group>";
		};
		6C27C06A2372007A00EA73F9 /* Extensions */ = {
			isa = PBXGroup;
			children = (
				6C27C06B2372007A00EA73F9 /* UIView+Extensions.swift */,
				6C27C06C2372007A00EA73F9 /* UIView+AutoLayout.swift */,
				6C27C06D2372007A00EA73F9 /* Array+TableSection.swift */,
			);
			path = Extensions;
			sourceTree = "<group>";
		};
		6C27C0772372007B00EA73F9 /* TableView */ = {
			isa = PBXGroup;
			children = (
				6C27C0782372007B00EA73F9 /* FunctionalTableData.swift */,
				6C27C0792372007B00EA73F9 /* FunctionalTableData+UITableViewDelegate.swift */,
				6C27C07A2372007B00EA73F9 /* TableCell.swift */,
				6C27C07B2372007B00EA73F9 /* FunctionalTableData+Cells.swift */,
				6C27C07C2372007B00EA73F9 /* FunctionalTableData+UITableViewDataSource.swift */,
				6C27C07D2372007B00EA73F9 /* TableItemConfigType.swift */,
				6C27C07E2372007B00EA73F9 /* UITableView+Reusable.swift */,
			);
			path = TableView;
			sourceTree = "<group>";
		};
		6C27C0B5237200DB00EA73F9 /* Frameworks */ = {
			isa = PBXGroup;
			children = (
				6C27C0B6237200DC00EA73F9 /* XCTest.framework */,
			);
			name = Frameworks;
			sourceTree = "<group>";
		};
/* End PBXGroup section */

/* Begin PBXHeadersBuildPhase section */
		6C27C0432371FFB000EA73F9 /* Headers */ = {
			isa = PBXHeadersBuildPhase;
			buildActionMask = 2147483647;
			files = (
				6C27C0592371FFB000EA73F9 /* FunctionalTableData.h in Headers */,
			);
			runOnlyForDeploymentPostprocessing = 0;
		};
/* End PBXHeadersBuildPhase section */

/* Begin PBXNativeTarget section */
		6C27C0472371FFB000EA73F9 /* FunctionalTableData */ = {
			isa = PBXNativeTarget;
			buildConfigurationList = 6C27C05C2371FFB000EA73F9 /* Build configuration list for PBXNativeTarget "FunctionalTableData" */;
			buildPhases = (
				6C27C0432371FFB000EA73F9 /* Headers */,
				6C27C0442371FFB000EA73F9 /* Sources */,
				6C27C0452371FFB000EA73F9 /* Frameworks */,
				6C27C0462371FFB000EA73F9 /* Resources */,
			);
			buildRules = (
			);
			dependencies = (
			);
			name = FunctionalTableData;
			productName = FunctionalTableData;
			productReference = 6C27C0482371FFB000EA73F9 /* FunctionalTableData.framework */;
			productType = "com.apple.product-type.framework";
		};
		6C27C0502371FFB000EA73F9 /* FunctionalTableDataTests */ = {
			isa = PBXNativeTarget;
			buildConfigurationList = 6C27C05F2371FFB000EA73F9 /* Build configuration list for PBXNativeTarget "FunctionalTableDataTests" */;
			buildPhases = (
				6C27C04D2371FFB000EA73F9 /* Sources */,
				6C27C04E2371FFB000EA73F9 /* Frameworks */,
				6C27C04F2371FFB000EA73F9 /* Resources */,
			);
			buildRules = (
			);
			dependencies = (
				6C27C0542371FFB000EA73F9 /* PBXTargetDependency */,
			);
			name = FunctionalTableDataTests;
			productName = FunctionalTableDataTests;
			productReference = 6C27C0512371FFB000EA73F9 /* FunctionalTableDataTests.xctest */;
			productType = "com.apple.product-type.bundle.unit-test";
		};
/* End PBXNativeTarget section */

/* Begin PBXProject section */
		6C27C03F2371FFB000EA73F9 /* Project object */ = {
			isa = PBXProject;
			attributes = {
				LastSwiftUpdateCheck = 1110;
				LastUpgradeCheck = 1110;
				ORGANIZATIONNAME = Shopify;
				TargetAttributes = {
					6C27C0472371FFB000EA73F9 = {
						CreatedOnToolsVersion = 11.1;
						LastSwiftMigration = 1110;
					};
					6C27C0502371FFB000EA73F9 = {
						CreatedOnToolsVersion = 11.1;
					};
				};
			};
			buildConfigurationList = 6C27C0422371FFB000EA73F9 /* Build configuration list for PBXProject "FunctionalTableData" */;
			compatibilityVersion = "Xcode 9.3";
			developmentRegion = en;
			hasScannedForEncodings = 0;
			knownRegions = (
				en,
				Base,
			);
			mainGroup = 6C27C03E2371FFB000EA73F9;
			productRefGroup = 6C27C0492371FFB000EA73F9 /* Products */;
			projectDirPath = "";
			projectRoot = "";
			targets = (
				6C27C0472371FFB000EA73F9 /* FunctionalTableData */,
				6C27C0502371FFB000EA73F9 /* FunctionalTableDataTests */,
			);
		};
/* End PBXProject section */

/* Begin PBXResourcesBuildPhase section */
		6C27C0462371FFB000EA73F9 /* Resources */ = {
			isa = PBXResourcesBuildPhase;
			buildActionMask = 2147483647;
			files = (
			);
			runOnlyForDeploymentPostprocessing = 0;
		};
		6C27C04F2371FFB000EA73F9 /* Resources */ = {
			isa = PBXResourcesBuildPhase;
			buildActionMask = 2147483647;
			files = (
			);
			runOnlyForDeploymentPostprocessing = 0;
		};
/* End PBXResourcesBuildPhase section */

/* Begin PBXSourcesBuildPhase section */
		6C27C0442371FFB000EA73F9 /* Sources */ = {
			isa = PBXSourcesBuildPhase;
			buildActionMask = 2147483647;
			files = (
				6C27C08D2372007B00EA73F9 /* Array+TableSection.swift in Sources */,
				6C27C0972372007B00EA73F9 /* FunctionalTableData.swift in Sources */,
				6C27C09D2372007B00EA73F9 /* UITableView+Reusable.swift in Sources */,
				6C27C0912372007B00EA73F9 /* CellConfigType.swift in Sources */,
				6C27C0962372007B00EA73F9 /* ItemPath.swift in Sources */,
				6C27C08A2372007B00EA73F9 /* FunctionalCollectionData+UICollectionViewDelegate.swift in Sources */,
				6C27C0952372007B00EA73F9 /* TableItemLayout.swift in Sources */,
				6C27C0902372007B00EA73F9 /* CellActions.swift in Sources */,
				6C27C08C2372007B00EA73F9 /* UIView+AutoLayout.swift in Sources */,
				6C27C0942372007B00EA73F9 /* TableSectionChangeSet.swift in Sources */,
				6C27C0A22372007B00EA73F9 /* CellStyle.swift in Sources */,
				6C27C0882372007B00EA73F9 /* FunctionalCollectionData+UICollectionViewDataSource.swift in Sources */,
				6C27C0922372007B00EA73F9 /* ScrollViewDelegate.swift in Sources */,
				6C27C0862372007B00EA73F9 /* UICollectionView+Reusable.swift in Sources */,
				6C27C09A2372007B00EA73F9 /* FunctionalTableData+Cells.swift in Sources */,
				6C27C0842372007B00EA73F9 /* ObjCExceptionRethrower.swift in Sources */,
				6C27C0872372007B00EA73F9 /* FunctionalCollectionData.swift in Sources */,
				6C27C0932372007B00EA73F9 /* TableSection.swift in Sources */,
				6C27C0A12372007B00EA73F9 /* Separator.swift in Sources */,
				6C27C0892372007B00EA73F9 /* CollectionItemConfigType.swift in Sources */,
				6C27C08B2372007B00EA73F9 /* UIView+Extensions.swift in Sources */,
				6C27C08E2372007B00EA73F9 /* BackgroundViewProvider.swift in Sources */,
				6CEFBC462458902400E6AF19 /* Accessibility.swift in Sources */,
				6C27C09F2372007B00EA73F9 /* Reusable.swift in Sources */,
				6C27C09C2372007B00EA73F9 /* TableItemConfigType.swift in Sources */,
				6C27C09E2372007B00EA73F9 /* TableData.swift in Sources */,
				6C27C0992372007B00EA73F9 /* TableCell.swift in Sources */,
				6C27C0982372007B00EA73F9 /* FunctionalTableData+UITableViewDelegate.swift in Sources */,
				6C27C0852372007B00EA73F9 /* CollectionCell.swift in Sources */,
				6C27C09B2372007B00EA73F9 /* FunctionalTableData+UITableViewDataSource.swift in Sources */,
				6C27C0A02372007B00EA73F9 /* TableSectionHeaderFooter.swift in Sources */,
				6C27C08F2372007B00EA73F9 /* HostCell.swift in Sources */,
			);
			runOnlyForDeploymentPostprocessing = 0;
		};
		6C27C04D2371FFB000EA73F9 /* Sources */ = {
			isa = PBXSourcesBuildPhase;
			buildActionMask = 2147483647;
			files = (
				6C27C0BD2372014100EA73F9 /* TableSectionChangeSetTests.swift in Sources */,
				6C27C0BA2372014100EA73F9 /* FunctionalTableDataDelegateTests.swift in Sources */,
				6C27C0BC2372014100EA73F9 /* TableCellReuseTests.swift in Sources */,
				6C27C0B92372014100EA73F9 /* FunctionalDataTests.swift in Sources */,
				6C27C0BE2372014100EA73F9 /* TableSectionStyleTests.swift in Sources */,
				6C27C0BB2372014100EA73F9 /* FunctionaltableDataPerformanceTests.swift in Sources */,
				6C27C0C02372014100EA73F9 /* TableSectionTests.swift in Sources */,
				6C27C0B82372014100EA73F9 /* CellStyleTests.swift in Sources */,
				6CB4D378246B904B00BFD647 /* AccessibilityTests.swift in Sources */,
				6C27C0BF2372014100EA73F9 /* TableSectionsValidationTests.swift in Sources */,
			);
			runOnlyForDeploymentPostprocessing = 0;
		};
/* End PBXSourcesBuildPhase section */

/* Begin PBXTargetDependency section */
		6C27C0542371FFB000EA73F9 /* PBXTargetDependency */ = {
			isa = PBXTargetDependency;
			target = 6C27C0472371FFB000EA73F9 /* FunctionalTableData */;
			targetProxy = 6C27C0532371FFB000EA73F9 /* PBXContainerItemProxy */;
		};
/* End PBXTargetDependency section */

/* Begin XCBuildConfiguration section */
		6C27C05A2371FFB000EA73F9 /* Debug */ = {
			isa = XCBuildConfiguration;
			buildSettings = {
				ALWAYS_SEARCH_USER_PATHS = NO;
				CLANG_ANALYZER_NONNULL = YES;
				CLANG_ANALYZER_NUMBER_OBJECT_CONVERSION = YES_AGGRESSIVE;
				CLANG_CXX_LANGUAGE_STANDARD = "gnu++14";
				CLANG_CXX_LIBRARY = "libc++";
				CLANG_ENABLE_MODULES = YES;
				CLANG_ENABLE_OBJC_ARC = YES;
				CLANG_ENABLE_OBJC_WEAK = YES;
				CLANG_WARN_BLOCK_CAPTURE_AUTORELEASING = YES;
				CLANG_WARN_BOOL_CONVERSION = YES;
				CLANG_WARN_COMMA = YES;
				CLANG_WARN_CONSTANT_CONVERSION = YES;
				CLANG_WARN_DEPRECATED_OBJC_IMPLEMENTATIONS = YES;
				CLANG_WARN_DIRECT_OBJC_ISA_USAGE = YES_ERROR;
				CLANG_WARN_DOCUMENTATION_COMMENTS = YES;
				CLANG_WARN_EMPTY_BODY = YES;
				CLANG_WARN_ENUM_CONVERSION = YES;
				CLANG_WARN_INFINITE_RECURSION = YES;
				CLANG_WARN_INT_CONVERSION = YES;
				CLANG_WARN_NON_LITERAL_NULL_CONVERSION = YES;
				CLANG_WARN_OBJC_IMPLICIT_RETAIN_SELF = YES;
				CLANG_WARN_OBJC_LITERAL_CONVERSION = YES;
				CLANG_WARN_OBJC_ROOT_CLASS = YES_ERROR;
				CLANG_WARN_RANGE_LOOP_ANALYSIS = YES;
				CLANG_WARN_STRICT_PROTOTYPES = YES;
				CLANG_WARN_SUSPICIOUS_MOVE = YES;
				CLANG_WARN_UNGUARDED_AVAILABILITY = YES_AGGRESSIVE;
				CLANG_WARN_UNREACHABLE_CODE = YES;
				CLANG_WARN__DUPLICATE_METHOD_MATCH = YES;
				COPY_PHASE_STRIP = NO;
				CURRENT_PROJECT_VERSION = 1;
				DEBUG_INFORMATION_FORMAT = dwarf;
				ENABLE_STRICT_OBJC_MSGSEND = YES;
				ENABLE_TESTABILITY = YES;
				GCC_C_LANGUAGE_STANDARD = gnu11;
				GCC_DYNAMIC_NO_PIC = NO;
				GCC_NO_COMMON_BLOCKS = YES;
				GCC_OPTIMIZATION_LEVEL = 0;
				GCC_PREPROCESSOR_DEFINITIONS = (
					"DEBUG=1",
					"$(inherited)",
				);
				GCC_WARN_64_TO_32_BIT_CONVERSION = YES;
				GCC_WARN_ABOUT_RETURN_TYPE = YES_ERROR;
				GCC_WARN_UNDECLARED_SELECTOR = YES;
				GCC_WARN_UNINITIALIZED_AUTOS = YES_AGGRESSIVE;
				GCC_WARN_UNUSED_FUNCTION = YES;
				GCC_WARN_UNUSED_VARIABLE = YES;
				IPHONEOS_DEPLOYMENT_TARGET = 10.0;
				MTL_ENABLE_DEBUG_INFO = INCLUDE_SOURCE;
				MTL_FAST_MATH = YES;
				ONLY_ACTIVE_ARCH = YES;
				SDKROOT = iphoneos;
				SWIFT_ACTIVE_COMPILATION_CONDITIONS = DEBUG;
				SWIFT_OPTIMIZATION_LEVEL = "-Onone";
				VERSIONING_SYSTEM = "apple-generic";
				VERSION_INFO_PREFIX = "";
			};
			name = Debug;
		};
		6C27C05B2371FFB000EA73F9 /* Release */ = {
			isa = XCBuildConfiguration;
			buildSettings = {
				ALWAYS_SEARCH_USER_PATHS = NO;
				CLANG_ANALYZER_NONNULL = YES;
				CLANG_ANALYZER_NUMBER_OBJECT_CONVERSION = YES_AGGRESSIVE;
				CLANG_CXX_LANGUAGE_STANDARD = "gnu++14";
				CLANG_CXX_LIBRARY = "libc++";
				CLANG_ENABLE_MODULES = YES;
				CLANG_ENABLE_OBJC_ARC = YES;
				CLANG_ENABLE_OBJC_WEAK = YES;
				CLANG_WARN_BLOCK_CAPTURE_AUTORELEASING = YES;
				CLANG_WARN_BOOL_CONVERSION = YES;
				CLANG_WARN_COMMA = YES;
				CLANG_WARN_CONSTANT_CONVERSION = YES;
				CLANG_WARN_DEPRECATED_OBJC_IMPLEMENTATIONS = YES;
				CLANG_WARN_DIRECT_OBJC_ISA_USAGE = YES_ERROR;
				CLANG_WARN_DOCUMENTATION_COMMENTS = YES;
				CLANG_WARN_EMPTY_BODY = YES;
				CLANG_WARN_ENUM_CONVERSION = YES;
				CLANG_WARN_INFINITE_RECURSION = YES;
				CLANG_WARN_INT_CONVERSION = YES;
				CLANG_WARN_NON_LITERAL_NULL_CONVERSION = YES;
				CLANG_WARN_OBJC_IMPLICIT_RETAIN_SELF = YES;
				CLANG_WARN_OBJC_LITERAL_CONVERSION = YES;
				CLANG_WARN_OBJC_ROOT_CLASS = YES_ERROR;
				CLANG_WARN_RANGE_LOOP_ANALYSIS = YES;
				CLANG_WARN_STRICT_PROTOTYPES = YES;
				CLANG_WARN_SUSPICIOUS_MOVE = YES;
				CLANG_WARN_UNGUARDED_AVAILABILITY = YES_AGGRESSIVE;
				CLANG_WARN_UNREACHABLE_CODE = YES;
				CLANG_WARN__DUPLICATE_METHOD_MATCH = YES;
				COPY_PHASE_STRIP = NO;
				CURRENT_PROJECT_VERSION = 1;
				DEBUG_INFORMATION_FORMAT = "dwarf-with-dsym";
				ENABLE_NS_ASSERTIONS = NO;
				ENABLE_STRICT_OBJC_MSGSEND = YES;
				GCC_C_LANGUAGE_STANDARD = gnu11;
				GCC_NO_COMMON_BLOCKS = YES;
				GCC_WARN_64_TO_32_BIT_CONVERSION = YES;
				GCC_WARN_ABOUT_RETURN_TYPE = YES_ERROR;
				GCC_WARN_UNDECLARED_SELECTOR = YES;
				GCC_WARN_UNINITIALIZED_AUTOS = YES_AGGRESSIVE;
				GCC_WARN_UNUSED_FUNCTION = YES;
				GCC_WARN_UNUSED_VARIABLE = YES;
				IPHONEOS_DEPLOYMENT_TARGET = 10.0;
				MTL_ENABLE_DEBUG_INFO = NO;
				MTL_FAST_MATH = YES;
				SDKROOT = iphoneos;
				SWIFT_COMPILATION_MODE = wholemodule;
				SWIFT_OPTIMIZATION_LEVEL = "-O";
				VALIDATE_PRODUCT = YES;
				VERSIONING_SYSTEM = "apple-generic";
				VERSION_INFO_PREFIX = "";
			};
			name = Release;
		};
		6C27C05D2371FFB000EA73F9 /* Debug */ = {
			isa = XCBuildConfiguration;
			buildSettings = {
				APPLICATION_EXTENSION_API_ONLY = YES;
				CLANG_ENABLE_MODULES = YES;
				CODE_SIGN_IDENTITY = "iPhone Developer";
				CODE_SIGN_STYLE = Automatic;
				DEFINES_MODULE = YES;
				DYLIB_COMPATIBILITY_VERSION = 1;
				DYLIB_CURRENT_VERSION = 1;
				DYLIB_INSTALL_NAME_BASE = "@rpath";
				INFOPLIST_FILE = "$(SRCROOT)/Sources/FunctionalTableData/Info.plist";
				INSTALL_PATH = "$(LOCAL_LIBRARY_DIR)/Frameworks";
				LD_RUNPATH_SEARCH_PATHS = (
					"$(inherited)",
					"@executable_path/Frameworks",
					"@loader_path/Frameworks",
				);
				PRODUCT_BUNDLE_IDENTIFIER = com.Shopify.FunctionalTableData;
				PRODUCT_NAME = "$(TARGET_NAME:c99extidentifier)";
				SKIP_INSTALL = YES;
				SWIFT_OPTIMIZATION_LEVEL = "-Onone";
				SWIFT_VERSION = 5.0;
				TARGETED_DEVICE_FAMILY = "1,2";
			};
			name = Debug;
		};
		6C27C05E2371FFB000EA73F9 /* Release */ = {
			isa = XCBuildConfiguration;
			buildSettings = {
				APPLICATION_EXTENSION_API_ONLY = YES;
				CLANG_ENABLE_MODULES = YES;
				CODE_SIGN_IDENTITY = "iPhone Developer";
				CODE_SIGN_STYLE = Automatic;
				DEFINES_MODULE = YES;
				DYLIB_COMPATIBILITY_VERSION = 1;
				DYLIB_CURRENT_VERSION = 1;
				DYLIB_INSTALL_NAME_BASE = "@rpath";
				INFOPLIST_FILE = "$(SRCROOT)/Sources/FunctionalTableData/Info.plist";
				INSTALL_PATH = "$(LOCAL_LIBRARY_DIR)/Frameworks";
				LD_RUNPATH_SEARCH_PATHS = (
					"$(inherited)",
					"@executable_path/Frameworks",
					"@loader_path/Frameworks",
				);
				PRODUCT_BUNDLE_IDENTIFIER = com.Shopify.FunctionalTableData;
				PRODUCT_NAME = "$(TARGET_NAME:c99extidentifier)";
				SKIP_INSTALL = YES;
				SWIFT_VERSION = 5.0;
				TARGETED_DEVICE_FAMILY = "1,2";
			};
			name = Release;
		};
		6C27C0602371FFB000EA73F9 /* Debug */ = {
			isa = XCBuildConfiguration;
			buildSettings = {
				ALWAYS_EMBED_SWIFT_STANDARD_LIBRARIES = YES;
				CODE_SIGN_STYLE = Automatic;
				DEVELOPMENT_TEAM = A7XGC83MZE;
				INFOPLIST_FILE = Tests/FunctionalTableDataTests/Info.plist;
				LD_RUNPATH_SEARCH_PATHS = (
					"$(inherited)",
					"@executable_path/Frameworks",
					"@loader_path/Frameworks",
				);
				PRODUCT_BUNDLE_IDENTIFIER = com.Shopify.FunctionalTableDataTests;
				PRODUCT_NAME = "$(TARGET_NAME)";
				SWIFT_VERSION = 5.0;
				TARGETED_DEVICE_FAMILY = "1,2";
			};
			name = Debug;
		};
		6C27C0612371FFB000EA73F9 /* Release */ = {
			isa = XCBuildConfiguration;
			buildSettings = {
				ALWAYS_EMBED_SWIFT_STANDARD_LIBRARIES = YES;
				CODE_SIGN_STYLE = Automatic;
				DEVELOPMENT_TEAM = A7XGC83MZE;
				INFOPLIST_FILE = Tests/FunctionalTableDataTests/Info.plist;
				LD_RUNPATH_SEARCH_PATHS = (
					"$(inherited)",
					"@executable_path/Frameworks",
					"@loader_path/Frameworks",
				);
				PRODUCT_BUNDLE_IDENTIFIER = com.Shopify.FunctionalTableDataTests;
				PRODUCT_NAME = "$(TARGET_NAME)";
				SWIFT_VERSION = 5.0;
				TARGETED_DEVICE_FAMILY = "1,2";
			};
			name = Release;
		};
/* End XCBuildConfiguration section */

/* Begin XCConfigurationList section */
		6C27C0422371FFB000EA73F9 /* Build configuration list for PBXProject "FunctionalTableData" */ = {
			isa = XCConfigurationList;
			buildConfigurations = (
				6C27C05A2371FFB000EA73F9 /* Debug */,
				6C27C05B2371FFB000EA73F9 /* Release */,
			);
			defaultConfigurationIsVisible = 0;
			defaultConfigurationName = Release;
		};
		6C27C05C2371FFB000EA73F9 /* Build configuration list for PBXNativeTarget "FunctionalTableData" */ = {
			isa = XCConfigurationList;
			buildConfigurations = (
				6C27C05D2371FFB000EA73F9 /* Debug */,
				6C27C05E2371FFB000EA73F9 /* Release */,
			);
			defaultConfigurationIsVisible = 0;
			defaultConfigurationName = Release;
		};
		6C27C05F2371FFB000EA73F9 /* Build configuration list for PBXNativeTarget "FunctionalTableDataTests" */ = {
			isa = XCConfigurationList;
			buildConfigurations = (
				6C27C0602371FFB000EA73F9 /* Debug */,
				6C27C0612371FFB000EA73F9 /* Release */,
			);
			defaultConfigurationIsVisible = 0;
			defaultConfigurationName = Release;
		};
/* End XCConfigurationList section */
	};
	rootObject = 6C27C03F2371FFB000EA73F9 /* Project object */;
}
